
Microsoft Visual Studio Solution File, Format Version 12.00
# Visual Studio Version 17
VisualStudioVersion = 17.4.33122.133
MinimumVisualStudioVersion = 10.0.40219.1
Project("{9A19103F-16F7-4668-BE54-9A1E7A4F7556}") = "Cronograph", "Cronograph\Cronograph.csproj", "{9D60DB5B-2169-4E10-9E29-AA0C940BE8DC}"
EndProject
Project("{9A19103F-16F7-4668-BE54-9A1E7A4F7556}") = "TestApp", "TestApp\TestApp.csproj", "{DE7BE91A-E961-48F6-A514-0C1BADEF5908}"
EndProject
Project("{9A19103F-16F7-4668-BE54-9A1E7A4F7556}") = "Cronograph.UI", "Cronograph.UI\Cronograph.UI.csproj", "{1D1FA709-F340-46F1-A8B9-6ADF6C3C5468}"
EndProject
Project("{9A19103F-16F7-4668-BE54-9A1E7A4F7556}") = "Cronograph.Client", "Cronograph.Client\Cronograph.Client.csproj", "{23330D97-F05C-49F2-ABF9-9206983A5D32}"
EndProject
Project("{9A19103F-16F7-4668-BE54-9A1E7A4F7556}") = "Cronograph.Shared", "Cronograph.Shared\Cronograph.Shared.csproj", "{FC98E7B7-0048-4B16-9408-FE44CC02478D}"
EndProject
Project("{FAE04EC0-301F-11D3-BF4B-00C04F79EFBC}") = "Cronograph.MongoDb", "Cronograph.MongoDb\Cronograph.MongoDb.csproj", "{8A3DEC24-6397-438F-8FB9-0400B87B14D0}"
EndProject
Global
	GlobalSection(SolutionConfigurationPlatforms) = preSolution
		Debug|Any CPU = Debug|Any CPU
		Release|Any CPU = Release|Any CPU
	EndGlobalSection
	GlobalSection(ProjectConfigurationPlatforms) = postSolution
		{9D60DB5B-2169-4E10-9E29-AA0C940BE8DC}.Debug|Any CPU.ActiveCfg = Debug|Any CPU
		{9D60DB5B-2169-4E10-9E29-AA0C940BE8DC}.Debug|Any CPU.Build.0 = Debug|Any CPU
		{9D60DB5B-2169-4E10-9E29-AA0C940BE8DC}.Release|Any CPU.ActiveCfg = Release|Any CPU
		{9D60DB5B-2169-4E10-9E29-AA0C940BE8DC}.Release|Any CPU.Build.0 = Release|Any CPU
		{DE7BE91A-E961-48F6-A514-0C1BADEF5908}.Debug|Any CPU.ActiveCfg = Debug|Any CPU
		{DE7BE91A-E961-48F6-A514-0C1BADEF5908}.Debug|Any CPU.Build.0 = Debug|Any CPU
		{DE7BE91A-E961-48F6-A514-0C1BADEF5908}.Release|Any CPU.ActiveCfg = Release|Any CPU
		{DE7BE91A-E961-48F6-A514-0C1BADEF5908}.Release|Any CPU.Build.0 = Release|Any CPU
		{1D1FA709-F340-46F1-A8B9-6ADF6C3C5468}.Debug|Any CPU.ActiveCfg = Debug|Any CPU
		{1D1FA709-F340-46F1-A8B9-6ADF6C3C5468}.Debug|Any CPU.Build.0 = Debug|Any CPU
		{1D1FA709-F340-46F1-A8B9-6ADF6C3C5468}.Release|Any CPU.ActiveCfg = Release|Any CPU
		{1D1FA709-F340-46F1-A8B9-6ADF6C3C5468}.Release|Any CPU.Build.0 = Release|Any CPU
		{23330D97-F05C-49F2-ABF9-9206983A5D32}.Debug|Any CPU.ActiveCfg = Debug|Any CPU
		{23330D97-F05C-49F2-ABF9-9206983A5D32}.Debug|Any CPU.Build.0 = Debug|Any CPU
		{23330D97-F05C-49F2-ABF9-9206983A5D32}.Release|Any CPU.ActiveCfg = Release|Any CPU
		{23330D97-F05C-49F2-ABF9-9206983A5D32}.Release|Any CPU.Build.0 = Release|Any CPU
		{FC98E7B7-0048-4B16-9408-FE44CC02478D}.Debug|Any CPU.ActiveCfg = Debug|Any CPU
		{FC98E7B7-0048-4B16-9408-FE44CC02478D}.Debug|Any CPU.Build.0 = Debug|Any CPU
		{FC98E7B7-0048-4B16-9408-FE44CC02478D}.Release|Any CPU.ActiveCfg = Release|Any CPU
		{FC98E7B7-0048-4B16-9408-FE44CC02478D}.Release|Any CPU.Build.0 = Release|Any CPU
		{8A3DEC24-6397-438F-8FB9-0400B87B14D0}.Debug|Any CPU.ActiveCfg = Debug|Any CPU
		{8A3DEC24-6397-438F-8FB9-0400B87B14D0}.Debug|Any CPU.Build.0 = Debug|Any CPU
		{8A3DEC24-6397-438F-8FB9-0400B87B14D0}.Release|Any CPU.ActiveCfg = Release|Any CPU
		{8A3DEC24-6397-438F-8FB9-0400B87B14D0}.Release|Any CPU.Build.0 = Release|Any CPU
	EndGlobalSection
	GlobalSection(SolutionProperties) = preSolution
		HideSolutionNode = FALSE
	EndGlobalSection
	GlobalSection(ExtensibilityGlobals) = postSolution
		SolutionGuid = {00861866-C3FE-41AB-985C-5AAC4ADDD07D}
	EndGlobalSection
EndGlobal
